// !$*UTF8*$!
{
	archiveVersion = 1;
	classes = {
	};
	objectVersion = 50;
	objects = {

/* Begin PBXBuildFile section */
		3B76EA6922E360C3003FA192 /* AppDelegate.swift in Sources */ = {isa = PBXBuildFile; fileRef = 3B76EA6822E360C3003FA192 /* AppDelegate.swift */; };
		3B76EA6B22E360C3003FA192 /* ViewController.swift in Sources */ = {isa = PBXBuildFile; fileRef = 3B76EA6A22E360C3003FA192 /* ViewController.swift */; };
		3B76EA6E22E360C3003FA192 /* Main.storyboard in Resources */ = {isa = PBXBuildFile; fileRef = 3B76EA6C22E360C3003FA192 /* Main.storyboard */; };
		3B76EA7022E360C6003FA192 /* Assets.xcassets in Resources */ = {isa = PBXBuildFile; fileRef = 3B76EA6F22E360C6003FA192 /* Assets.xcassets */; };
		3B76EA7322E360C6003FA192 /* LaunchScreen.storyboard in Resources */ = {isa = PBXBuildFile; fileRef = 3B76EA7122E360C6003FA192 /* LaunchScreen.storyboard */; };
		3B76EA7E22E360C7003FA192 /* taxi_map_testTests.swift in Sources */ = {isa = PBXBuildFile; fileRef = 3B76EA7D22E360C7003FA192 /* taxi_map_testTests.swift */; };
		3B76EA8A22E3631D003FA192 /* MapKit.framework in Frameworks */ = {isa = PBXBuildFile; fileRef = 3B76EA8922E3631D003FA192 /* MapKit.framework */; };
/* End PBXBuildFile section */

/* Begin PBXContainerItemProxy section */
		3B76EA7A22E360C7003FA192 /* PBXContainerItemProxy */ = {
			isa = PBXContainerItemProxy;
			containerPortal = 3B76EA5D22E360C2003FA192 /* Project object */;
			proxyType = 1;
			remoteGlobalIDString = 3B76EA6422E360C3003FA192;
			remoteInfo = taxi_map_test;
		};
/* End PBXContainerItemProxy section */

/* Begin PBXFileReference section */
		3B76EA6522E360C3003FA192 /* taxi_map_test.app */ = {isa = PBXFileReference; explicitFileType = wrapper.application; includeInIndex = 0; path = taxi_map_test.app; sourceTree = BUILT_PRODUCTS_DIR; };
		3B76EA6822E360C3003FA192 /* AppDelegate.swift */ = {isa = PBXFileReference; lastKnownFileType = sourcecode.swift; path = AppDelegate.swift; sourceTree = "<group>"; };
		3B76EA6A22E360C3003FA192 /* ViewController.swift */ = {isa = PBXFileReference; lastKnownFileType = sourcecode.swift; path = ViewController.swift; sourceTree = "<group>"; };
		3B76EA6D22E360C3003FA192 /* Base */ = {isa = PBXFileReference; lastKnownFileType = file.storyboard; name = Base; path = Base.lproj/Main.storyboard; sourceTree = "<group>"; };
		3B76EA6F22E360C6003FA192 /* Assets.xcassets */ = {isa = PBXFileReference; lastKnownFileType = folder.assetcatalog; path = Assets.xcassets; sourceTree = "<group>"; };
		3B76EA7222E360C6003FA192 /* Base */ = {isa = PBXFileReference; lastKnownFileType = file.storyboard; name = Base; path = Base.lproj/LaunchScreen.storyboard; sourceTree = "<group>"; };
		3B76EA7422E360C6003FA192 /* Info.plist */ = {isa = PBXFileReference; lastKnownFileType = text.plist.xml; path = Info.plist; sourceTree = "<group>"; };
		3B76EA7922E360C7003FA192 /* taxi_map_testTests.xctest */ = {isa = PBXFileReference; explicitFileType = wrapper.cfbundle; includeInIndex = 0; path = taxi_map_testTests.xctest; sourceTree = BUILT_PRODUCTS_DIR; };
		3B76EA7D22E360C7003FA192 /* taxi_map_testTests.swift */ = {isa = PBXFileReference; lastKnownFileType = sourcecode.swift; path = taxi_map_testTests.swift; sourceTree = "<group>"; };
		3B76EA7F22E360C7003FA192 /* Info.plist */ = {isa = PBXFileReference; lastKnownFileType = text.plist.xml; path = Info.plist; sourceTree = "<group>"; };
		3B76EA8922E3631D003FA192 /* MapKit.framework */ = {isa = PBXFileReference; lastKnownFileType = wrapper.framework; name = MapKit.framework; path = System/Library/Frameworks/MapKit.framework; sourceTree = SDKROOT; };
/* End PBXFileReference section */

/* Begin PBXFrameworksBuildPhase section */
		3B76EA6222E360C3003FA192 /* Frameworks */ = {
			isa = PBXFrameworksBuildPhase;
			buildActionMask = 2147483647;
			files = (
				3B76EA8A22E3631D003FA192 /* MapKit.framework in Frameworks */,
			);
			runOnlyForDeploymentPostprocessing = 0;
		};
		3B76EA7622E360C7003FA192 /* Frameworks */ = {
			isa = PBXFrameworksBuildPhase;
			buildActionMask = 2147483647;
			files = (
			);
			runOnlyForDeploymentPostprocessing = 0;
		};
/* End PBXFrameworksBuildPhase section */

/* Begin PBXGroup section */
		3B76EA5C22E360C2003FA192 = {
			isa = PBXGroup;
			children = (
				3B76EA6722E360C3003FA192 /* taxi_map_test */,
				3B76EA7C22E360C7003FA192 /* taxi_map_testTests */,
				3B76EA6622E360C3003FA192 /* Products */,
				3B76EA8822E3631D003FA192 /* Frameworks */,
			);
			sourceTree = "<group>";
		};
		3B76EA6622E360C3003FA192 /* Products */ = {
			isa = PBXGroup;
			children = (
				3B76EA6522E360C3003FA192 /* taxi_map_test.app */,
				3B76EA7922E360C7003FA192 /* taxi_map_testTests.xctest */,
			);
			name = Products;
			sourceTree = "<group>";
		};
		3B76EA6722E360C3003FA192 /* taxi_map_test */ = {
			isa = PBXGroup;
			children = (
				3B76EA6822E360C3003FA192 /* AppDelegate.swift */,
				3B76EA6A22E360C3003FA192 /* ViewController.swift */,
				3B76EA6C22E360C3003FA192 /* Main.storyboard */,
				3B76EA6F22E360C6003FA192 /* Assets.xcassets */,
				3B76EA7122E360C6003FA192 /* LaunchScreen.storyboard */,
				3B76EA7422E360C6003FA192 /* Info.plist */,
			);
			path = taxi_map_test;
			sourceTree = "<group>";
		};
		3B76EA7C22E360C7003FA192 /* taxi_map_testTests */ = {
			isa = PBXGroup;
			children = (
				3B76EA7D22E360C7003FA192 /* taxi_map_testTests.swift */,
				3B76EA7F22E360C7003FA192 /* Info.plist */,
			);
			path = taxi_map_testTests;
			sourceTree = "<group>";
		};
		3B76EA8822E3631D003FA192 /* Frameworks */ = {
			isa = PBXGroup;
			children = (
				3B76EA8922E3631D003FA192 /* MapKit.framework */,
			);
			name = Frameworks;
			sourceTree = "<group>";
		};
/* End PBXGroup section */

/* Begin PBXNativeTarget section */
		3B76EA6422E360C3003FA192 /* taxi_map_test */ = {
			isa = PBXNativeTarget;
			buildConfigurationList = 3B76EA8222E360C7003FA192 /* Build configuration list for PBXNativeTarget "taxi_map_test" */;
			buildPhases = (
				3B76EA6122E360C3003FA192 /* Sources */,
				3B76EA6222E360C3003FA192 /* Frameworks */,
				3B76EA6322E360C3003FA192 /* Resources */,
			);
			buildRules = (
			);
			dependencies = (
			);
			name = taxi_map_test;
			productName = taxi_map_test;
			productReference = 3B76EA6522E360C3003FA192 /* taxi_map_test.app */;
			productType = "com.apple.product-type.application";
		};
		3B76EA7822E360C7003FA192 /* taxi_map_testTests */ = {
			isa = PBXNativeTarget;
			buildConfigurationList = 3B76EA8522E360C7003FA192 /* Build configuration list for PBXNativeTarget "taxi_map_testTests" */;
			buildPhases = (
				3B76EA7522E360C7003FA192 /* Sources */,
				3B76EA7622E360C7003FA192 /* Frameworks */,
				3B76EA7722E360C7003FA192 /* Resources */,
			);
			buildRules = (
			);
			dependencies = (
				3B76EA7B22E360C7003FA192 /* PBXTargetDependency */,
			);
			name = taxi_map_testTests;
			productName = taxi_map_testTests;
			productReference = 3B76EA7922E360C7003FA192 /* taxi_map_testTests.xctest */;
			productType = "com.apple.product-type.bundle.unit-test";
		};
/* End PBXNativeTarget section */

/* Begin PBXProject section */
		3B76EA5D22E360C2003FA192 /* Project object */ = {
			isa = PBXProject;
			attributes = {
				LastSwiftUpdateCheck = 1010;
				LastUpgradeCheck = 1010;
				ORGANIZATIONNAME = "Moto-Life";
				TargetAttributes = {
					3B76EA6422E360C3003FA192 = {
						CreatedOnToolsVersion = 10.1;
					};
					3B76EA7822E360C7003FA192 = {
						CreatedOnToolsVersion = 10.1;
						TestTargetID = 3B76EA6422E360C3003FA192;
					};
				};
			};
			buildConfigurationList = 3B76EA6022E360C2003FA192 /* Build configuration list for PBXProject "taxi_map_test" */;
			compatibilityVersion = "Xcode 9.3";
			developmentRegion = en;
			hasScannedForEncodings = 0;
			knownRegions = (
				en,
				Base,
			);
			mainGroup = 3B76EA5C22E360C2003FA192;
			productRefGroup = 3B76EA6622E360C3003FA192 /* Products */;
			projectDirPath = "";
			projectRoot = "";
			targets = (
				3B76EA6422E360C3003FA192 /* taxi_map_test */,
				3B76EA7822E360C7003FA192 /* taxi_map_testTests */,
			);
		};
/* End PBXProject section */

/* Begin PBXResourcesBuildPhase section */
		3B76EA6322E360C3003FA192 /* Resources */ = {
			isa = PBXResourcesBuildPhase;
			buildActionMask = 2147483647;
			files = (
				3B76EA7322E360C6003FA192 /* LaunchScreen.storyboard in Resources */,
				3B76EA7022E360C6003FA192 /* Assets.xcassets in Resources */,
				3B76EA6E22E360C3003FA192 /* Main.storyboard in Resources */,
			);
			runOnlyForDeploymentPostprocessing = 0;
		};
		3B76EA7722E360C7003FA192 /* Resources */ = {
			isa = PBXResourcesBuildPhase;
			buildActionMask = 2147483647;
			files = (
			);
			runOnlyForDeploymentPostprocessing = 0;
		};
/* End PBXResourcesBuildPhase section */

/* Begin PBXSourcesBuildPhase section */
		3B76EA6122E360C3003FA192 /* Sources */ = {
			isa = PBXSourcesBuildPhase;
			buildActionMask = 2147483647;
			files = (
				3B76EA6B22E360C3003FA192 /* ViewController.swift in Sources */,
				3B76EA6922E360C3003FA192 /* AppDelegate.swift in Sources */,
			);
			runOnlyForDeploymentPostprocessing = 0;
		};
		3B76EA7522E360C7003FA192 /* Sources */ = {
			isa = PBXSourcesBuildPhase;
			buildActionMask = 2147483647;
			files = (
				3B76EA7E22E360C7003FA192 /* taxi_map_testTests.swift in Sources */,
			);
			runOnlyForDeploymentPostprocessing = 0;
		};
/* End PBXSourcesBuildPhase section */

/* Begin PBXTargetDependency section */
		3B76EA7B22E360C7003FA192 /* PBXTargetDependency */ = {
			isa = PBXTargetDependency;
			target = 3B76EA6422E360C3003FA192 /* taxi_map_test */;
			targetProxy = 3B76EA7A22E360C7003FA192 /* PBXContainerItemProxy */;
		};
/* End PBXTargetDependency section */

/* Begin PBXVariantGroup section */
		3B76EA6C22E360C3003FA192 /* Main.storyboard */ = {
			isa = PBXVariantGroup;
			children = (
				3B76EA6D22E360C3003FA192 /* Base */,
			);
			name = Main.storyboard;
			sourceTree = "<group>";
		};
		3B76EA7122E360C6003FA192 /* LaunchScreen.storyboard */ = {
			isa = PBXVariantGroup;
			children = (
				3B76EA7222E360C6003FA192 /* Base */,
			);
			name = LaunchScreen.storyboard;
			sourceTree = "<group>";
		};
/* End PBXVariantGroup section */

/* Begin XCBuildConfiguration section */
		3B76EA8022E360C7003FA192 /* Debug */ = {
			isa = XCBuildConfiguration;
			buildSettings = {
				ALWAYS_SEARCH_USER_PATHS = NO;
				CLANG_ANALYZER_NONNULL = YES;
				CLANG_ANALYZER_NUMBER_OBJECT_CONVERSION = YES_AGGRESSIVE;
				CLANG_CXX_LANGUAGE_STANDARD = "gnu++14";
				CLANG_CXX_LIBRARY = "libc++";
				CLANG_ENABLE_MODULES = YES;
				CLANG_ENABLE_OBJC_ARC = YES;
				CLANG_ENABLE_OBJC_WEAK = YES;
				CLANG_WARN_BLOCK_CAPTURE_AUTORELEASING = YES;
				CLANG_WARN_BOOL_CONVERSION = YES;
				CLANG_WARN_COMMA = YES;
				CLANG_WARN_CONSTANT_CONVERSION = YES;
				CLANG_WARN_DEPRECATED_OBJC_IMPLEMENTATIONS = YES;
				CLANG_WARN_DIRECT_OBJC_ISA_USAGE = YES_ERROR;
				CLANG_WARN_DOCUMENTATION_COMMENTS = YES;
				CLANG_WARN_EMPTY_BODY = YES;
				CLANG_WARN_ENUM_CONVERSION = YES;
				CLANG_WARN_INFINITE_RECURSION = YES;
				CLANG_WARN_INT_CONVERSION = YES;
				CLANG_WARN_NON_LITERAL_NULL_CONVERSION = YES;
				CLANG_WARN_OBJC_IMPLICIT_RETAIN_SELF = YES;
				CLANG_WARN_OBJC_LITERAL_CONVERSION = YES;
				CLANG_WARN_OBJC_ROOT_CLASS = YES_ERROR;
				CLANG_WARN_RANGE_LOOP_ANALYSIS = YES;
				CLANG_WARN_STRICT_PROTOTYPES = YES;
				CLANG_WARN_SUSPICIOUS_MOVE = YES;
				CLANG_WARN_UNGUARDED_AVAILABILITY = YES_AGGRESSIVE;
				CLANG_WARN_UNREACHABLE_CODE = YES;
				CLANG_WARN__DUPLICATE_METHOD_MATCH = YES;
				CODE_SIGN_IDENTITY = "iPhone Developer";
				COPY_PHASE_STRIP = NO;
				DEBUG_INFORMATION_FORMAT = dwarf;
				ENABLE_STRICT_OBJC_MSGSEND = YES;
				ENABLE_TESTABILITY = YES;
				GCC_C_LANGUAGE_STANDARD = gnu11;
				GCC_DYNAMIC_NO_PIC = NO;
				GCC_NO_COMMON_BLOCKS = YES;
				GCC_OPTIMIZATION_LEVEL = 0;
				GCC_PREPROCESSOR_DEFINITIONS = (
					"DEBUG=1",
					"$(inherited)",
				);
				GCC_WARN_64_TO_32_BIT_CONVERSION = YES;
				GCC_WARN_ABOUT_RETURN_TYPE = YES_ERROR;
				GCC_WARN_UNDECLARED_SELECTOR = YES;
				GCC_WARN_UNINITIALIZED_AUTOS = YES_AGGRESSIVE;
				GCC_WARN_UNUSED_FUNCTION = YES;
				GCC_WARN_UNUSED_VARIABLE = YES;
				IPHONEOS_DEPLOYMENT_TARGET = 12.1;
				MTL_ENABLE_DEBUG_INFO = INCLUDE_SOURCE;
				MTL_FAST_MATH = YES;
				ONLY_ACTIVE_ARCH = YES;
				SDKROOT = iphoneos;
				SWIFT_ACTIVE_COMPILATION_CONDITIONS = DEBUG;
				SWIFT_OPTIMIZATION_LEVEL = "-Onone";
			};
			name = Debug;
		};
		3B76EA8122E360C7003FA192 /* Release */ = {
			isa = XCBuildConfiguration;
			buildSettings = {
				ALWAYS_SEARCH_USER_PATHS = NO;
				CLANG_ANALYZER_NONNULL = YES;
				CLANG_ANALYZER_NUMBER_OBJECT_CONVERSION = YES_AGGRESSIVE;
				CLANG_CXX_LANGUAGE_STANDARD = "gnu++14";
				CLANG_CXX_LIBRARY = "libc++";
				CLANG_ENABLE_MODULES = YES;
				CLANG_ENABLE_OBJC_ARC = YES;
				CLANG_ENABLE_OBJC_WEAK = YES;
				CLANG_WARN_BLOCK_CAPTURE_AUTORELEASING = YES;
				CLANG_WARN_BOOL_CONVERSION = YES;
				CLANG_WARN_COMMA = YES;
				CLANG_WARN_CONSTANT_CONVERSION = YES;
				CLANG_WARN_DEPRECATED_OBJC_IMPLEMENTATIONS = YES;
				CLANG_WARN_DIRECT_OBJC_ISA_USAGE = YES_ERROR;
				CLANG_WARN_DOCUMENTATION_COMMENTS = YES;
				CLANG_WARN_EMPTY_BODY = YES;
				CLANG_WARN_ENUM_CONVERSION = YES;
				CLANG_WARN_INFINITE_RECURSION = YES;
				CLANG_WARN_INT_CONVERSION = YES;
				CLANG_WARN_NON_LITERAL_NULL_CONVERSION = YES;
				CLANG_WARN_OBJC_IMPLICIT_RETAIN_SELF = YES;
				CLANG_WARN_OBJC_LITERAL_CONVERSION = YES;
				CLANG_WARN_OBJC_ROOT_CLASS = YES_ERROR;
				CLANG_WARN_RANGE_LOOP_ANALYSIS = YES;
				CLANG_WARN_STRICT_PROTOTYPES = YES;
				CLANG_WARN_SUSPICIOUS_MOVE = YES;
				CLANG_WARN_UNGUARDED_AVAILABILITY = YES_AGGRESSIVE;
				CLANG_WARN_UNREACHABLE_CODE = YES;
				CLANG_WARN__DUPLICATE_METHOD_MATCH = YES;
				CODE_SIGN_IDENTITY = "iPhone Developer";
				COPY_PHASE_STRIP = NO;
				DEBUG_INFORMATION_FORMAT = "dwarf-with-dsym";
				ENABLE_NS_ASSERTIONS = NO;
				ENABLE_STRICT_OBJC_MSGSEND = YES;
				GCC_C_LANGUAGE_STANDARD = gnu11;
				GCC_NO_COMMON_BLOCKS = YES;
				GCC_WARN_64_TO_32_BIT_CONVERSION = YES;
				GCC_WARN_ABOUT_RETURN_TYPE = YES_ERROR;
				GCC_WARN_UNDECLARED_SELECTOR = YES;
				GCC_WARN_UNINITIALIZED_AUTOS = YES_AGGRESSIVE;
				GCC_WARN_UNUSED_FUNCTION = YES;
				GCC_WARN_UNUSED_VARIABLE = YES;
				IPHONEOS_DEPLOYMENT_TARGET = 12.1;
				MTL_ENABLE_DEBUG_INFO = NO;
				MTL_FAST_MATH = YES;
				SDKROOT = iphoneos;
				SWIFT_COMPILATION_MODE = wholemodule;
				SWIFT_OPTIMIZATION_LEVEL = "-O";
				VALIDATE_PRODUCT = YES;
			};
			name = Release;
		};
		3B76EA8322E360C7003FA192 /* Debug */ = {
			isa = XCBuildConfiguration;
			buildSettings = {
				ASSETCATALOG_COMPILER_APPICON_NAME = AppIcon;
				CODE_SIGN_STYLE = Automatic;
				DEVELOPMENT_TEAM = B3WV478PSP;
				INFOPLIST_FILE = taxi_map_test/Info.plist;
				LD_RUNPATH_SEARCH_PATHS = (
					"$(inherited)",
					"@executable_path/Frameworks",
				);
				PRODUCT_BUNDLE_IDENTIFIER = "mj.taxi-map-test";
				PRODUCT_NAME = "$(TARGET_NAME)";
				SWIFT_VERSION = 4.2;
				TARGETED_DEVICE_FAMILY = "1,2";
			};
			name = Debug;
		};
		3B76EA8422E360C7003FA192 /* Release */ = {
			isa = XCBuildConfiguration;
			buildSettings = {
				ASSETCATALOG_COMPILER_APPICON_NAME = AppIcon;
				CODE_SIGN_STYLE = Automatic;
				DEVELOPMENT_TEAM = B3WV478PSP;
				INFOPLIST_FILE = taxi_map_test/Info.plist;
				LD_RUNPATH_SEARCH_PATHS = (
					"$(inherited)",
					"@executable_path/Frameworks",
				);
				PRODUCT_BUNDLE_IDENTIFIER = "mj.taxi-map-test";
				PRODUCT_NAME = "$(TARGET_NAME)";
				SWIFT_VERSION = 4.2;
				TARGETED_DEVICE_FAMILY = "1,2";
			};
			name = Release;
		};
		3B76EA8622E360C7003FA192 /* Debug */ = {
			isa = XCBuildConfiguration;
			buildSettings = {
				ALWAYS_EMBED_SWIFT_STANDARD_LIBRARIES = YES;
				BUNDLE_LOADER = "$(TEST_HOST)";
				CODE_SIGN_STYLE = Automatic;
				DEVELOPMENT_TEAM = B3WV478PSP;
				INFOPLIST_FILE = taxi_map_testTests/Info.plist;
				LD_RUNPATH_SEARCH_PATHS = (
					"$(inherited)",
					"@executable_path/Frameworks",
					"@loader_path/Frameworks",
				);
				PRODUCT_BUNDLE_IDENTIFIER = "mj.taxi-map-testTests";
				PRODUCT_NAME = "$(TARGET_NAME)";
				SWIFT_VERSION = 4.2;
				TARGETED_DEVICE_FAMILY = "1,2";
				TEST_HOST = "$(BUILT_PRODUCTS_DIR)/taxi_map_test.app/taxi_map_test";
			};
			name = Debug;
		};
		3B76EA8722E360C7003FA192 /* Release */ = {
			isa = XCBuildConfiguration;
			buildSettings = {
				ALWAYS_EMBED_SWIFT_STANDARD_LIBRARIES = YES;
				BUNDLE_LOADER = "$(TEST_HOST)";
				CODE_SIGN_STYLE = Automatic;
				DEVELOPMENT_TEAM = B3WV478PSP;
				INFOPLIST_FILE = taxi_map_testTests/Info.plist;
				LD_RUNPATH_SEARCH_PATHS = (
					"$(inherited)",
					"@executable_path/Frameworks",
					"@loader_path/Frameworks",
				);
				PRODUCT_BUNDLE_IDENTIFIER = "mj.taxi-map-testTests";
				PRODUCT_NAME = "$(TARGET_NAME)";
				SWIFT_VERSION = 4.2;
				TARGETED_DEVICE_FAMILY = "1,2";
				TEST_HOST = "$(BUILT_PRODUCTS_DIR)/taxi_map_test.app/taxi_map_test";
			};
			name = Release;
		};
/* End XCBuildConfiguration section */

/* Begin XCConfigurationList section */
		3B76EA6022E360C2003FA192 /* Build configuration list for PBXProject "taxi_map_test" */ = {
			isa = XCConfigurationList;
			buildConfigurations = (
				3B76EA8022E360C7003FA192 /* Debug */,
				3B76EA8122E360C7003FA192 /* Release */,
			);
			defaultConfigurationIsVisible = 0;
			defaultConfigurationName = Release;
		};
		3B76EA8222E360C7003FA192 /* Build configuration list for PBXNativeTarget "taxi_map_test" */ = {
			isa = XCConfigurationList;
			buildConfigurations = (
				3B76EA8322E360C7003FA192 /* Debug */,
				3B76EA8422E360C7003FA192 /* Release */,
			);
			defaultConfigurationIsVisible = 0;
			defaultConfigurationName = Release;
		};
		3B76EA8522E360C7003FA192 /* Build configuration list for PBXNativeTarget "taxi_map_testTests" */ = {
			isa = XCConfigurationList;
			buildConfigurations = (
				3B76EA8622E360C7003FA192 /* Debug */,
				3B76EA8722E360C7003FA192 /* Release */,
			);
			defaultConfigurationIsVisible = 0;
			defaultConfigurationName = Release;
		};
/* End XCConfigurationList section */
	};
	rootObject = 3B76EA5D22E360C2003FA192 /* Project object */;
}
